// !$*UTF8*$!
{
	archiveVersion = 1;
	classes = {
	};
	objectVersion = 56;
	objects = {

/* Begin PBXBuildFile section */
		FA0136B22CC9B0BF009A4843 /* HashableView.swift in Sources */ = {isa = PBXBuildFile; fileRef = FA0136B12CC9B0BF009A4843 /* HashableView.swift */; };
		FA0265FC2CD2F3480035E52F /* CacheView.swift in Sources */ = {isa = PBXBuildFile; fileRef = FA0265FB2CD2F3480035E52F /* CacheView.swift */; };
		FA0266032CD2FF8F0035E52F /* DownloadingImageView.swift in Sources */ = {isa = PBXBuildFile; fileRef = FA0266022CD2FF8F0035E52F /* DownloadingImageView.swift */; };
		FA0266052CD301020035E52F /* PhotoModel.swift in Sources */ = {isa = PBXBuildFile; fileRef = FA0266042CD301020035E52F /* PhotoModel.swift */; };
		FA0266072CD301C40035E52F /* DownloadingImagesViewModel.swift in Sources */ = {isa = PBXBuildFile; fileRef = FA0266062CD301C30035E52F /* DownloadingImagesViewModel.swift */; };
		FA0266092CD302BE0035E52F /* PhotoModelDataService.swift in Sources */ = {isa = PBXBuildFile; fileRef = FA0266082CD302BE0035E52F /* PhotoModelDataService.swift */; };
		FA0E3DB52CC943BB00C4981F /* LocalNotificationView.swift in Sources */ = {isa = PBXBuildFile; fileRef = FA0E3DB42CC943BB00C4981F /* LocalNotificationView.swift */; };
		FA22177F2CCB924C004E5984 /* CoreDataRelationshipsView.swift in Sources */ = {isa = PBXBuildFile; fileRef = FA22177E2CCB924C004E5984 /* CoreDataRelationshipsView.swift */; };
		FA2217822CCC592B004E5984 /* CoreDataContainer.xcdatamodeld in Sources */ = {isa = PBXBuildFile; fileRef = FA2217802CCC592B004E5984 /* CoreDataContainer.xcdatamodeld */; };
		FA50B4A52CD58F5500ADED4D /* AlignmentGuideView.swift in Sources */ = {isa = PBXBuildFile; fileRef = FA50B4A42CD58F5500ADED4D /* AlignmentGuideView.swift */; };
		FA531E562CD0D60F00EB8284 /* DownloadWithCombine.swift in Sources */ = {isa = PBXBuildFile; fileRef = FA531E552CD0D60F00EB8284 /* DownloadWithCombine.swift */; };
		FA531E582CD0F11900EB8284 /* TimerView.swift in Sources */ = {isa = PBXBuildFile; fileRef = FA531E572CD0F11900EB8284 /* TimerView.swift */; };
		FA531E5A2CD1308500EB8284 /* SubscriberView.swift in Sources */ = {isa = PBXBuildFile; fileRef = FA531E592CD1308500EB8284 /* SubscriberView.swift */; };
		FA58FD9F2CC5B7AB00B867A5 /* swiftUIContinuedLearningApp.swift in Sources */ = {isa = PBXBuildFile; fileRef = FA58FD9E2CC5B7AB00B867A5 /* swiftUIContinuedLearningApp.swift */; };
		FA58FDA12CC5B7AB00B867A5 /* ContentView.swift in Sources */ = {isa = PBXBuildFile; fileRef = FA58FDA02CC5B7AB00B867A5 /* ContentView.swift */; };
		FA58FDA32CC5B7AC00B867A5 /* Assets.xcassets in Resources */ = {isa = PBXBuildFile; fileRef = FA58FDA22CC5B7AC00B867A5 /* Assets.xcassets */; };
		FA58FDA62CC5B7AC00B867A5 /* Preview Assets.xcassets in Resources */ = {isa = PBXBuildFile; fileRef = FA58FDA52CC5B7AC00B867A5 /* Preview Assets.xcassets */; };
		FA58FDAD2CC5B7F600B867A5 /* LongPressGestureView.swift in Sources */ = {isa = PBXBuildFile; fileRef = FA58FDAC2CC5B7F600B867A5 /* LongPressGestureView.swift */; };
		FA58FDAF2CC5C1C500B867A5 /* MagnificationGestureView.swift in Sources */ = {isa = PBXBuildFile; fileRef = FA58FDAE2CC5C1C500B867A5 /* MagnificationGestureView.swift */; };
		FA6088722CCB04C900AF4A75 /* CoreDataView.swift in Sources */ = {isa = PBXBuildFile; fileRef = FA6088712CCB04C900AF4A75 /* CoreDataView.swift */; };
		FA6088752CCB06DC00AF4A75 /* FruitsContainer.xcdatamodeld in Sources */ = {isa = PBXBuildFile; fileRef = FA6088732CCB06DC00AF4A75 /* FruitsContainer.xcdatamodeld */; };
		FA7FCCF32CD241C400336195 /* FileManagerView.swift in Sources */ = {isa = PBXBuildFile; fileRef = FA7FCCF22CD241C400336195 /* FileManagerView.swift */; };
		FA80BAC92CC8625B005574FB /* SoundsView.swift in Sources */ = {isa = PBXBuildFile; fileRef = FA80BAC82CC8625B005574FB /* SoundsView.swift */; };
		FA80BAD22CC86710005574FB /* badum.mp3 in Resources */ = {isa = PBXBuildFile; fileRef = FA80BACF2CC86710005574FB /* badum.mp3 */; };
		FA80BAD32CC86710005574FB /* tada.mp3 in Resources */ = {isa = PBXBuildFile; fileRef = FA80BAD02CC86710005574FB /* tada.mp3 */; };
		FA80BAD52CC869EA005574FB /* HapticsView.swift in Sources */ = {isa = PBXBuildFile; fileRef = FA80BAD42CC869EA005574FB /* HapticsView.swift */; };
		FA963C632CD3987200B157F7 /* DownloadImageRow.swift in Sources */ = {isa = PBXBuildFile; fileRef = FA963C622CD3987200B157F7 /* DownloadImageRow.swift */; };
		FA963C652CD39A7B00B157F7 /* ImageView.swift in Sources */ = {isa = PBXBuildFile; fileRef = FA963C642CD39A7B00B157F7 /* ImageView.swift */; };
		FA963C672CD39BF900B157F7 /* ImageLoadingViewModel.swift in Sources */ = {isa = PBXBuildFile; fileRef = FA963C662CD39BF900B157F7 /* ImageLoadingViewModel.swift */; };
		FA963C692CD3D77300B157F7 /* PhotoModelCacheManager.swift in Sources */ = {isa = PBXBuildFile; fileRef = FA963C682CD3D77300B157F7 /* PhotoModelCacheManager.swift */; };
		FA9C88452CC72301008C88D8 /* ScrollViewReaderView.swift in Sources */ = {isa = PBXBuildFile; fileRef = FA9C88442CC72301008C88D8 /* ScrollViewReaderView.swift */; };
		FAA15AE12CC654F800C214AB /* RotationGestureView.swift in Sources */ = {isa = PBXBuildFile; fileRef = FAA15AE02CC654F800C214AB /* RotationGestureView.swift */; };
		FAA15AE32CC65E8600C214AB /* DragGestureView.swift in Sources */ = {isa = PBXBuildFile; fileRef = FAA15AE22CC65E8600C214AB /* DragGestureView.swift */; };
		FAA15AE52CC6C36600C214AB /* DragGesture2.swift in Sources */ = {isa = PBXBuildFile; fileRef = FAA15AE42CC6C36600C214AB /* DragGesture2.swift */; };
		FACBC04F2CCF0E5F0082A407 /* BackgroundThreadView.swift in Sources */ = {isa = PBXBuildFile; fileRef = FACBC04E2CCF0E5F0082A407 /* BackgroundThreadView.swift */; };
		FACBC0512CCF77FF0082A407 /* WeakSelfView.swift in Sources */ = {isa = PBXBuildFile; fileRef = FACBC0502CCF77FF0082A407 /* WeakSelfView.swift */; };
		FACBC0532CCF851B0082A407 /* TypealiasView.swift in Sources */ = {isa = PBXBuildFile; fileRef = FACBC0522CCF851B0082A407 /* TypealiasView.swift */; };
		FACBC0552CCF88DA0082A407 /* EscapingView.swift in Sources */ = {isa = PBXBuildFile; fileRef = FACBC0542CCF88DA0082A407 /* EscapingView.swift */; };
		FACBC0572CCF946B0082A407 /* CodableView.swift in Sources */ = {isa = PBXBuildFile; fileRef = FACBC0562CCF946B0082A407 /* CodableView.swift */; };
		FACBC0592CCFE9700082A407 /* DownloadWithEscapingView.swift in Sources */ = {isa = PBXBuildFile; fileRef = FACBC0582CCFE9700082A407 /* DownloadWithEscapingView.swift */; };
		FAE400A42CC7A455006BF37E /* GeometryReaderView.swift in Sources */ = {isa = PBXBuildFile; fileRef = FAE400A32CC7A455006BF37E /* GeometryReaderView.swift */; };
		FAE400A62CC7B60F006BF37E /* MultipleSheetView.swift in Sources */ = {isa = PBXBuildFile; fileRef = FAE400A52CC7B60F006BF37E /* MultipleSheetView.swift */; };
		FAE400A82CC7BD67006BF37E /* MaskView.swift in Sources */ = {isa = PBXBuildFile; fileRef = FAE400A72CC7BD67006BF37E /* MaskView.swift */; };
/* End PBXBuildFile section */

/* Begin PBXFileReference section */
		FA0136B12CC9B0BF009A4843 /* HashableView.swift */ = {isa = PBXFileReference; lastKnownFileType = sourcecode.swift; path = HashableView.swift; sourceTree = "<group>"; };
		FA0265FB2CD2F3480035E52F /* CacheView.swift */ = {isa = PBXFileReference; lastKnownFileType = sourcecode.swift; path = CacheView.swift; sourceTree = "<group>"; };
		FA0266022CD2FF8F0035E52F /* DownloadingImageView.swift */ = {isa = PBXFileReference; lastKnownFileType = sourcecode.swift; path = DownloadingImageView.swift; sourceTree = "<group>"; };
		FA0266042CD301020035E52F /* PhotoModel.swift */ = {isa = PBXFileReference; lastKnownFileType = sourcecode.swift; path = PhotoModel.swift; sourceTree = "<group>"; };
		FA0266062CD301C30035E52F /* DownloadingImagesViewModel.swift */ = {isa = PBXFileReference; lastKnownFileType = sourcecode.swift; path = DownloadingImagesViewModel.swift; sourceTree = "<group>"; };
		FA0266082CD302BE0035E52F /* PhotoModelDataService.swift */ = {isa = PBXFileReference; lastKnownFileType = sourcecode.swift; path = PhotoModelDataService.swift; sourceTree = "<group>"; };
		FA0E3DB42CC943BB00C4981F /* LocalNotificationView.swift */ = {isa = PBXFileReference; lastKnownFileType = sourcecode.swift; path = LocalNotificationView.swift; sourceTree = "<group>"; };
		FA22177E2CCB924C004E5984 /* CoreDataRelationshipsView.swift */ = {isa = PBXFileReference; lastKnownFileType = sourcecode.swift; path = CoreDataRelationshipsView.swift; sourceTree = "<group>"; };
		FA2217812CCC592B004E5984 /* CoreDataContainer.xcdatamodel */ = {isa = PBXFileReference; lastKnownFileType = wrapper.xcdatamodel; path = CoreDataContainer.xcdatamodel; sourceTree = "<group>"; };
		FA50B4A42CD58F5500ADED4D /* AlignmentGuideView.swift */ = {isa = PBXFileReference; lastKnownFileType = sourcecode.swift; path = AlignmentGuideView.swift; sourceTree = "<group>"; };
		FA531E552CD0D60F00EB8284 /* DownloadWithCombine.swift */ = {isa = PBXFileReference; lastKnownFileType = sourcecode.swift; path = DownloadWithCombine.swift; sourceTree = "<group>"; };
		FA531E572CD0F11900EB8284 /* TimerView.swift */ = {isa = PBXFileReference; lastKnownFileType = sourcecode.swift; path = TimerView.swift; sourceTree = "<group>"; };
		FA531E592CD1308500EB8284 /* SubscriberView.swift */ = {isa = PBXFileReference; lastKnownFileType = sourcecode.swift; path = SubscriberView.swift; sourceTree = "<group>"; };
		FA58FD9B2CC5B7AB00B867A5 /* swiftUIContinuedLearning.app */ = {isa = PBXFileReference; explicitFileType = wrapper.application; includeInIndex = 0; path = swiftUIContinuedLearning.app; sourceTree = BUILT_PRODUCTS_DIR; };
		FA58FD9E2CC5B7AB00B867A5 /* swiftUIContinuedLearningApp.swift */ = {isa = PBXFileReference; lastKnownFileType = sourcecode.swift; path = swiftUIContinuedLearningApp.swift; sourceTree = "<group>"; };
		FA58FDA02CC5B7AB00B867A5 /* ContentView.swift */ = {isa = PBXFileReference; lastKnownFileType = sourcecode.swift; path = ContentView.swift; sourceTree = "<group>"; };
		FA58FDA22CC5B7AC00B867A5 /* Assets.xcassets */ = {isa = PBXFileReference; lastKnownFileType = folder.assetcatalog; path = Assets.xcassets; sourceTree = "<group>"; };
		FA58FDA52CC5B7AC00B867A5 /* Preview Assets.xcassets */ = {isa = PBXFileReference; lastKnownFileType = folder.assetcatalog; path = "Preview Assets.xcassets"; sourceTree = "<group>"; };
		FA58FDAC2CC5B7F600B867A5 /* LongPressGestureView.swift */ = {isa = PBXFileReference; lastKnownFileType = sourcecode.swift; path = LongPressGestureView.swift; sourceTree = "<group>"; };
		FA58FDAE2CC5C1C500B867A5 /* MagnificationGestureView.swift */ = {isa = PBXFileReference; lastKnownFileType = sourcecode.swift; path = MagnificationGestureView.swift; sourceTree = "<group>"; };
		FA6088712CCB04C900AF4A75 /* CoreDataView.swift */ = {isa = PBXFileReference; lastKnownFileType = sourcecode.swift; path = CoreDataView.swift; sourceTree = "<group>"; };
		FA6088742CCB06DC00AF4A75 /* FruitsContainer.xcdatamodel */ = {isa = PBXFileReference; lastKnownFileType = wrapper.xcdatamodel; path = FruitsContainer.xcdatamodel; sourceTree = "<group>"; };
		FA7FCCF22CD241C400336195 /* FileManagerView.swift */ = {isa = PBXFileReference; lastKnownFileType = sourcecode.swift; path = FileManagerView.swift; sourceTree = "<group>"; };
		FA80BAC82CC8625B005574FB /* SoundsView.swift */ = {isa = PBXFileReference; lastKnownFileType = sourcecode.swift; path = SoundsView.swift; sourceTree = "<group>"; };
		FA80BACF2CC86710005574FB /* badum.mp3 */ = {isa = PBXFileReference; lastKnownFileType = audio.mp3; path = badum.mp3; sourceTree = "<group>"; };
		FA80BAD02CC86710005574FB /* tada.mp3 */ = {isa = PBXFileReference; lastKnownFileType = audio.mp3; path = tada.mp3; sourceTree = "<group>"; };
		FA80BAD42CC869EA005574FB /* HapticsView.swift */ = {isa = PBXFileReference; lastKnownFileType = sourcecode.swift; path = HapticsView.swift; sourceTree = "<group>"; };
		FA963C622CD3987200B157F7 /* DownloadImageRow.swift */ = {isa = PBXFileReference; lastKnownFileType = sourcecode.swift; path = DownloadImageRow.swift; sourceTree = "<group>"; };
		FA963C642CD39A7B00B157F7 /* ImageView.swift */ = {isa = PBXFileReference; lastKnownFileType = sourcecode.swift; path = ImageView.swift; sourceTree = "<group>"; };
		FA963C662CD39BF900B157F7 /* ImageLoadingViewModel.swift */ = {isa = PBXFileReference; lastKnownFileType = sourcecode.swift; path = ImageLoadingViewModel.swift; sourceTree = "<group>"; };
		FA963C682CD3D77300B157F7 /* PhotoModelCacheManager.swift */ = {isa = PBXFileReference; lastKnownFileType = sourcecode.swift; path = PhotoModelCacheManager.swift; sourceTree = "<group>"; };
		FA9C88442CC72301008C88D8 /* ScrollViewReaderView.swift */ = {isa = PBXFileReference; lastKnownFileType = sourcecode.swift; path = ScrollViewReaderView.swift; sourceTree = "<group>"; };
		FAA15AE02CC654F800C214AB /* RotationGestureView.swift */ = {isa = PBXFileReference; lastKnownFileType = sourcecode.swift; path = RotationGestureView.swift; sourceTree = "<group>"; };
		FAA15AE22CC65E8600C214AB /* DragGestureView.swift */ = {isa = PBXFileReference; lastKnownFileType = sourcecode.swift; path = DragGestureView.swift; sourceTree = "<group>"; };
		FAA15AE42CC6C36600C214AB /* DragGesture2.swift */ = {isa = PBXFileReference; lastKnownFileType = sourcecode.swift; path = DragGesture2.swift; sourceTree = "<group>"; };
		FACBC04E2CCF0E5F0082A407 /* BackgroundThreadView.swift */ = {isa = PBXFileReference; lastKnownFileType = sourcecode.swift; path = BackgroundThreadView.swift; sourceTree = "<group>"; };
		FACBC0502CCF77FF0082A407 /* WeakSelfView.swift */ = {isa = PBXFileReference; lastKnownFileType = sourcecode.swift; path = WeakSelfView.swift; sourceTree = "<group>"; };
		FACBC0522CCF851B0082A407 /* TypealiasView.swift */ = {isa = PBXFileReference; lastKnownFileType = sourcecode.swift; path = TypealiasView.swift; sourceTree = "<group>"; };
		FACBC0542CCF88DA0082A407 /* EscapingView.swift */ = {isa = PBXFileReference; lastKnownFileType = sourcecode.swift; path = EscapingView.swift; sourceTree = "<group>"; };
		FACBC0562CCF946B0082A407 /* CodableView.swift */ = {isa = PBXFileReference; lastKnownFileType = sourcecode.swift; path = CodableView.swift; sourceTree = "<group>"; };
		FACBC0582CCFE9700082A407 /* DownloadWithEscapingView.swift */ = {isa = PBXFileReference; lastKnownFileType = sourcecode.swift; path = DownloadWithEscapingView.swift; sourceTree = "<group>"; };
		FAE400A32CC7A455006BF37E /* GeometryReaderView.swift */ = {isa = PBXFileReference; lastKnownFileType = sourcecode.swift; path = GeometryReaderView.swift; sourceTree = "<group>"; };
		FAE400A52CC7B60F006BF37E /* MultipleSheetView.swift */ = {isa = PBXFileReference; lastKnownFileType = sourcecode.swift; path = MultipleSheetView.swift; sourceTree = "<group>"; };
		FAE400A72CC7BD67006BF37E /* MaskView.swift */ = {isa = PBXFileReference; lastKnownFileType = sourcecode.swift; path = MaskView.swift; sourceTree = "<group>"; };
/* End PBXFileReference section */

/* Begin PBXFrameworksBuildPhase section */
		FA58FD982CC5B7AB00B867A5 /* Frameworks */ = {
			isa = PBXFrameworksBuildPhase;
			buildActionMask = 2147483647;
			files = (
			);
			runOnlyForDeploymentPostprocessing = 0;
		};
/* End PBXFrameworksBuildPhase section */

/* Begin PBXGroup section */
		FA0265FD2CD2FF010035E52F /* DownloadingImages */ = {
			isa = PBXGroup;
			children = (
				FA0266012CD2FF6A0035E52F /* Utils */,
				FA0266002CD2FF580035E52F /* ViewModels */,
				FA0265FF2CD2FF4A0035E52F /* Views */,
				FA0265FE2CD2FF250035E52F /* Models */,
			);
			path = DownloadingImages;
			sourceTree = "<group>";
		};
		FA0265FE2CD2FF250035E52F /* Models */ = {
			isa = PBXGroup;
			children = (
				FA0266042CD301020035E52F /* PhotoModel.swift */,
			);
			path = Models;
			sourceTree = "<group>";
		};
		FA0265FF2CD2FF4A0035E52F /* Views */ = {
			isa = PBXGroup;
			children = (
				FA0266022CD2FF8F0035E52F /* DownloadingImageView.swift */,
				FA963C622CD3987200B157F7 /* DownloadImageRow.swift */,
				FA963C642CD39A7B00B157F7 /* ImageView.swift */,
			);
			path = Views;
			sourceTree = "<group>";
		};
		FA0266002CD2FF580035E52F /* ViewModels */ = {
			isa = PBXGroup;
			children = (
				FA0266062CD301C30035E52F /* DownloadingImagesViewModel.swift */,
				FA963C662CD39BF900B157F7 /* ImageLoadingViewModel.swift */,
			);
			path = ViewModels;
			sourceTree = "<group>";
		};
		FA0266012CD2FF6A0035E52F /* Utils */ = {
			isa = PBXGroup;
			children = (
				FA0266082CD302BE0035E52F /* PhotoModelDataService.swift */,
				FA963C682CD3D77300B157F7 /* PhotoModelCacheManager.swift */,
			);
			path = Utils;
			sourceTree = "<group>";
		};
		FA58FD922CC5B7AB00B867A5 = {
			isa = PBXGroup;
			children = (
				FA58FD9D2CC5B7AB00B867A5 /* swiftUIContinuedLearning */,
				FA58FD9C2CC5B7AB00B867A5 /* Products */,
			);
			sourceTree = "<group>";
		};
		FA58FD9C2CC5B7AB00B867A5 /* Products */ = {
			isa = PBXGroup;
			children = (
				FA58FD9B2CC5B7AB00B867A5 /* swiftUIContinuedLearning.app */,
			);
			name = Products;
			sourceTree = "<group>";
		};
		FA58FD9D2CC5B7AB00B867A5 /* swiftUIContinuedLearning */ = {
			isa = PBXGroup;
			children = (
				FA58FD9E2CC5B7AB00B867A5 /* swiftUIContinuedLearningApp.swift */,
				FA58FDAC2CC5B7F600B867A5 /* LongPressGestureView.swift */,
				FA9C88442CC72301008C88D8 /* ScrollViewReaderView.swift */,
				FA80BAC82CC8625B005574FB /* SoundsView.swift */,
				FA531E572CD0F11900EB8284 /* TimerView.swift */,
				FAE400A32CC7A455006BF37E /* GeometryReaderView.swift */,
				FA0E3DB42CC943BB00C4981F /* LocalNotificationView.swift */,
				FACBC0562CCF946B0082A407 /* CodableView.swift */,
				FACBC0522CCF851B0082A407 /* TypealiasView.swift */,
				FA0265FD2CD2FF010035E52F /* DownloadingImages */,
				FACBC0502CCF77FF0082A407 /* WeakSelfView.swift */,
				FA6088712CCB04C900AF4A75 /* CoreDataView.swift */,
				FA0265FB2CD2F3480035E52F /* CacheView.swift */,
				FA531E592CD1308500EB8284 /* SubscriberView.swift */,
				FA50B4A42CD58F5500ADED4D /* AlignmentGuideView.swift */,
				FA7FCCF22CD241C400336195 /* FileManagerView.swift */,
				FACBC0582CCFE9700082A407 /* DownloadWithEscapingView.swift */,
				FA6088732CCB06DC00AF4A75 /* FruitsContainer.xcdatamodeld */,
				FA531E552CD0D60F00EB8284 /* DownloadWithCombine.swift */,
				FA22177E2CCB924C004E5984 /* CoreDataRelationshipsView.swift */,
				FA2217802CCC592B004E5984 /* CoreDataContainer.xcdatamodeld */,
				FACBC0542CCF88DA0082A407 /* EscapingView.swift */,
				FACBC04E2CCF0E5F0082A407 /* BackgroundThreadView.swift */,
				FAE400A72CC7BD67006BF37E /* MaskView.swift */,
				FA80BAD42CC869EA005574FB /* HapticsView.swift */,
				FAE400A52CC7B60F006BF37E /* MultipleSheetView.swift */,
				FA0136B12CC9B0BF009A4843 /* HashableView.swift */,
				FAA15AE22CC65E8600C214AB /* DragGestureView.swift */,
				FAA15AE42CC6C36600C214AB /* DragGesture2.swift */,
				FAA15AE02CC654F800C214AB /* RotationGestureView.swift */,
				FA58FDAE2CC5C1C500B867A5 /* MagnificationGestureView.swift */,
				FA58FDA02CC5B7AB00B867A5 /* ContentView.swift */,
				FA80BAD12CC86710005574FB /* sounds */,
				FA58FDA22CC5B7AC00B867A5 /* Assets.xcassets */,
				FA58FDA42CC5B7AC00B867A5 /* Preview Content */,
			);
			path = swiftUIContinuedLearning;
			sourceTree = "<group>";
		};
		FA58FDA42CC5B7AC00B867A5 /* Preview Content */ = {
			isa = PBXGroup;
			children = (
				FA58FDA52CC5B7AC00B867A5 /* Preview Assets.xcassets */,
			);
			path = "Preview Content";
			sourceTree = "<group>";
		};
		FA80BAD12CC86710005574FB /* sounds */ = {
			isa = PBXGroup;
			children = (
				FA80BACF2CC86710005574FB /* badum.mp3 */,
				FA80BAD02CC86710005574FB /* tada.mp3 */,
			);
			path = sounds;
			sourceTree = "<group>";
		};
/* End PBXGroup section */

/* Begin PBXNativeTarget section */
		FA58FD9A2CC5B7AB00B867A5 /* swiftUIContinuedLearning */ = {
			isa = PBXNativeTarget;
			buildConfigurationList = FA58FDA92CC5B7AC00B867A5 /* Build configuration list for PBXNativeTarget "swiftUIContinuedLearning" */;
			buildPhases = (
				FA58FD972CC5B7AB00B867A5 /* Sources */,
				FA58FD982CC5B7AB00B867A5 /* Frameworks */,
				FA58FD992CC5B7AB00B867A5 /* Resources */,
			);
			buildRules = (
			);
			dependencies = (
			);
			name = swiftUIContinuedLearning;
			productName = swiftUIContinuedLearning;
			productReference = FA58FD9B2CC5B7AB00B867A5 /* swiftUIContinuedLearning.app */;
			productType = "com.apple.product-type.application";
		};
/* End PBXNativeTarget section */

/* Begin PBXProject section */
		FA58FD932CC5B7AB00B867A5 /* Project object */ = {
			isa = PBXProject;
			attributes = {
				BuildIndependentTargetsInParallel = 1;
				LastSwiftUpdateCheck = 1540;
				LastUpgradeCheck = 1540;
				TargetAttributes = {
					FA58FD9A2CC5B7AB00B867A5 = {
						CreatedOnToolsVersion = 15.4;
					};
				};
			};
			buildConfigurationList = FA58FD962CC5B7AB00B867A5 /* Build configuration list for PBXProject "swiftUIContinuedLearning" */;
			compatibilityVersion = "Xcode 14.0";
			developmentRegion = en;
			hasScannedForEncodings = 0;
			knownRegions = (
				en,
				Base,
			);
			mainGroup = FA58FD922CC5B7AB00B867A5;
			productRefGroup = FA58FD9C2CC5B7AB00B867A5 /* Products */;
			projectDirPath = "";
			projectRoot = "";
			targets = (
				FA58FD9A2CC5B7AB00B867A5 /* swiftUIContinuedLearning */,
			);
		};
/* End PBXProject section */

/* Begin PBXResourcesBuildPhase section */
		FA58FD992CC5B7AB00B867A5 /* Resources */ = {
			isa = PBXResourcesBuildPhase;
			buildActionMask = 2147483647;
			files = (
				FA80BAD32CC86710005574FB /* tada.mp3 in Resources */,
				FA80BAD22CC86710005574FB /* badum.mp3 in Resources */,
				FA58FDA62CC5B7AC00B867A5 /* Preview Assets.xcassets in Resources */,
				FA58FDA32CC5B7AC00B867A5 /* Assets.xcassets in Resources */,
			);
			runOnlyForDeploymentPostprocessing = 0;
		};
/* End PBXResourcesBuildPhase section */

/* Begin PBXSourcesBuildPhase section */
		FA58FD972CC5B7AB00B867A5 /* Sources */ = {
			isa = PBXSourcesBuildPhase;
			buildActionMask = 2147483647;
			files = (
				FACBC04F2CCF0E5F0082A407 /* BackgroundThreadView.swift in Sources */,
				FACBC0572CCF946B0082A407 /* CodableView.swift in Sources */,
				FA58FDAF2CC5C1C500B867A5 /* MagnificationGestureView.swift in Sources */,
				FAA15AE12CC654F800C214AB /* RotationGestureView.swift in Sources */,
				FA6088752CCB06DC00AF4A75 /* FruitsContainer.xcdatamodeld in Sources */,
				FA963C672CD39BF900B157F7 /* ImageLoadingViewModel.swift in Sources */,
				FACBC0552CCF88DA0082A407 /* EscapingView.swift in Sources */,
				FA0266092CD302BE0035E52F /* PhotoModelDataService.swift in Sources */,
				FA0266052CD301020035E52F /* PhotoModel.swift in Sources */,
				FAA15AE52CC6C36600C214AB /* DragGesture2.swift in Sources */,
				FA0136B22CC9B0BF009A4843 /* HashableView.swift in Sources */,
				FACBC0592CCFE9700082A407 /* DownloadWithEscapingView.swift in Sources */,
				FA531E582CD0F11900EB8284 /* TimerView.swift in Sources */,
				FA0266032CD2FF8F0035E52F /* DownloadingImageView.swift in Sources */,
				FA7FCCF32CD241C400336195 /* FileManagerView.swift in Sources */,
				FA80BAD52CC869EA005574FB /* HapticsView.swift in Sources */,
				FA963C632CD3987200B157F7 /* DownloadImageRow.swift in Sources */,
				FACBC0512CCF77FF0082A407 /* WeakSelfView.swift in Sources */,
				FA58FDA12CC5B7AB00B867A5 /* ContentView.swift in Sources */,
				FA0266072CD301C40035E52F /* DownloadingImagesViewModel.swift in Sources */,
				FAE400A62CC7B60F006BF37E /* MultipleSheetView.swift in Sources */,
				FA963C692CD3D77300B157F7 /* PhotoModelCacheManager.swift in Sources */,
				FA58FDAD2CC5B7F600B867A5 /* LongPressGestureView.swift in Sources */,
				FA9C88452CC72301008C88D8 /* ScrollViewReaderView.swift in Sources */,
				FAA15AE32CC65E8600C214AB /* DragGestureView.swift in Sources */,
				FA0E3DB52CC943BB00C4981F /* LocalNotificationView.swift in Sources */,
				FA963C652CD39A7B00B157F7 /* ImageView.swift in Sources */,
				FA6088722CCB04C900AF4A75 /* CoreDataView.swift in Sources */,
				FA2217822CCC592B004E5984 /* CoreDataContainer.xcdatamodeld in Sources */,
				FA22177F2CCB924C004E5984 /* CoreDataRelationshipsView.swift in Sources */,
				FA58FD9F2CC5B7AB00B867A5 /* swiftUIContinuedLearningApp.swift in Sources */,
				FA50B4A52CD58F5500ADED4D /* AlignmentGuideView.swift in Sources */,
				FAE400A82CC7BD67006BF37E /* MaskView.swift in Sources */,
				FA80BAC92CC8625B005574FB /* SoundsView.swift in Sources */,
				FA0265FC2CD2F3480035E52F /* CacheView.swift in Sources */,
				FA531E562CD0D60F00EB8284 /* DownloadWithCombine.swift in Sources */,
				FAE400A42CC7A455006BF37E /* GeometryReaderView.swift in Sources */,
				FA531E5A2CD1308500EB8284 /* SubscriberView.swift in Sources */,
				FACBC0532CCF851B0082A407 /* TypealiasView.swift in Sources */,
			);
			runOnlyForDeploymentPostprocessing = 0;
		};
/* End PBXSourcesBuildPhase section */

/* Begin XCBuildConfiguration section */
		FA58FDA72CC5B7AC00B867A5 /* Debug */ = {
			isa = XCBuildConfiguration;
			buildSettings = {
				ALWAYS_SEARCH_USER_PATHS = NO;
				ASSETCATALOG_COMPILER_GENERATE_SWIFT_ASSET_SYMBOL_EXTENSIONS = YES;
				CLANG_ANALYZER_NONNULL = YES;
				CLANG_ANALYZER_NUMBER_OBJECT_CONVERSION = YES_AGGRESSIVE;
				CLANG_CXX_LANGUAGE_STANDARD = "gnu++20";
				CLANG_ENABLE_MODULES = YES;
				CLANG_ENABLE_OBJC_ARC = YES;
				CLANG_ENABLE_OBJC_WEAK = YES;
				CLANG_WARN_BLOCK_CAPTURE_AUTORELEASING = YES;
				CLANG_WARN_BOOL_CONVERSION = YES;
				CLANG_WARN_COMMA = YES;
				CLANG_WARN_CONSTANT_CONVERSION = YES;
				CLANG_WARN_DEPRECATED_OBJC_IMPLEMENTATIONS = YES;
				CLANG_WARN_DIRECT_OBJC_ISA_USAGE = YES_ERROR;
				CLANG_WARN_DOCUMENTATION_COMMENTS = YES;
				CLANG_WARN_EMPTY_BODY = YES;
				CLANG_WARN_ENUM_CONVERSION = YES;
				CLANG_WARN_INFINITE_RECURSION = YES;
				CLANG_WARN_INT_CONVERSION = YES;
				CLANG_WARN_NON_LITERAL_NULL_CONVERSION = YES;
				CLANG_WARN_OBJC_IMPLICIT_RETAIN_SELF = YES;
				CLANG_WARN_OBJC_LITERAL_CONVERSION = YES;
				CLANG_WARN_OBJC_ROOT_CLASS = YES_ERROR;
				CLANG_WARN_QUOTED_INCLUDE_IN_FRAMEWORK_HEADER = YES;
				CLANG_WARN_RANGE_LOOP_ANALYSIS = YES;
				CLANG_WARN_STRICT_PROTOTYPES = YES;
				CLANG_WARN_SUSPICIOUS_MOVE = YES;
				CLANG_WARN_UNGUARDED_AVAILABILITY = YES_AGGRESSIVE;
				CLANG_WARN_UNREACHABLE_CODE = YES;
				CLANG_WARN__DUPLICATE_METHOD_MATCH = YES;
				COPY_PHASE_STRIP = NO;
				DEBUG_INFORMATION_FORMAT = dwarf;
				ENABLE_STRICT_OBJC_MSGSEND = YES;
				ENABLE_TESTABILITY = YES;
				ENABLE_USER_SCRIPT_SANDBOXING = YES;
				GCC_C_LANGUAGE_STANDARD = gnu17;
				GCC_DYNAMIC_NO_PIC = NO;
				GCC_NO_COMMON_BLOCKS = YES;
				GCC_OPTIMIZATION_LEVEL = 0;
				GCC_PREPROCESSOR_DEFINITIONS = (
					"DEBUG=1",
					"$(inherited)",
				);
				GCC_WARN_64_TO_32_BIT_CONVERSION = YES;
				GCC_WARN_ABOUT_RETURN_TYPE = YES_ERROR;
				GCC_WARN_UNDECLARED_SELECTOR = YES;
				GCC_WARN_UNINITIALIZED_AUTOS = YES_AGGRESSIVE;
				GCC_WARN_UNUSED_FUNCTION = YES;
				GCC_WARN_UNUSED_VARIABLE = YES;
				IPHONEOS_DEPLOYMENT_TARGET = 17.5;
				LOCALIZATION_PREFERS_STRING_CATALOGS = YES;
				MTL_ENABLE_DEBUG_INFO = INCLUDE_SOURCE;
				MTL_FAST_MATH = YES;
				ONLY_ACTIVE_ARCH = YES;
				SDKROOT = iphoneos;
				SWIFT_ACTIVE_COMPILATION_CONDITIONS = "DEBUG $(inherited)";
				SWIFT_OPTIMIZATION_LEVEL = "-Onone";
			};
			name = Debug;
		};
		FA58FDA82CC5B7AC00B867A5 /* Release */ = {
			isa = XCBuildConfiguration;
			buildSettings = {
				ALWAYS_SEARCH_USER_PATHS = NO;
				ASSETCATALOG_COMPILER_GENERATE_SWIFT_ASSET_SYMBOL_EXTENSIONS = YES;
				CLANG_ANALYZER_NONNULL = YES;
				CLANG_ANALYZER_NUMBER_OBJECT_CONVERSION = YES_AGGRESSIVE;
				CLANG_CXX_LANGUAGE_STANDARD = "gnu++20";
				CLANG_ENABLE_MODULES = YES;
				CLANG_ENABLE_OBJC_ARC = YES;
				CLANG_ENABLE_OBJC_WEAK = YES;
				CLANG_WARN_BLOCK_CAPTURE_AUTORELEASING = YES;
				CLANG_WARN_BOOL_CONVERSION = YES;
				CLANG_WARN_COMMA = YES;
				CLANG_WARN_CONSTANT_CONVERSION = YES;
				CLANG_WARN_DEPRECATED_OBJC_IMPLEMENTATIONS = YES;
				CLANG_WARN_DIRECT_OBJC_ISA_USAGE = YES_ERROR;
				CLANG_WARN_DOCUMENTATION_COMMENTS = YES;
				CLANG_WARN_EMPTY_BODY = YES;
				CLANG_WARN_ENUM_CONVERSION = YES;
				CLANG_WARN_INFINITE_RECURSION = YES;
				CLANG_WARN_INT_CONVERSION = YES;
				CLANG_WARN_NON_LITERAL_NULL_CONVERSION = YES;
				CLANG_WARN_OBJC_IMPLICIT_RETAIN_SELF = YES;
				CLANG_WARN_OBJC_LITERAL_CONVERSION = YES;
				CLANG_WARN_OBJC_ROOT_CLASS = YES_ERROR;
				CLANG_WARN_QUOTED_INCLUDE_IN_FRAMEWORK_HEADER = YES;
				CLANG_WARN_RANGE_LOOP_ANALYSIS = YES;
				CLANG_WARN_STRICT_PROTOTYPES = YES;
				CLANG_WARN_SUSPICIOUS_MOVE = YES;
				CLANG_WARN_UNGUARDED_AVAILABILITY = YES_AGGRESSIVE;
				CLANG_WARN_UNREACHABLE_CODE = YES;
				CLANG_WARN__DUPLICATE_METHOD_MATCH = YES;
				COPY_PHASE_STRIP = NO;
				DEBUG_INFORMATION_FORMAT = "dwarf-with-dsym";
				ENABLE_NS_ASSERTIONS = NO;
				ENABLE_STRICT_OBJC_MSGSEND = YES;
				ENABLE_USER_SCRIPT_SANDBOXING = YES;
				GCC_C_LANGUAGE_STANDARD = gnu17;
				GCC_NO_COMMON_BLOCKS = YES;
				GCC_WARN_64_TO_32_BIT_CONVERSION = YES;
				GCC_WARN_ABOUT_RETURN_TYPE = YES_ERROR;
				GCC_WARN_UNDECLARED_SELECTOR = YES;
				GCC_WARN_UNINITIALIZED_AUTOS = YES_AGGRESSIVE;
				GCC_WARN_UNUSED_FUNCTION = YES;
				GCC_WARN_UNUSED_VARIABLE = YES;
				IPHONEOS_DEPLOYMENT_TARGET = 17.5;
				LOCALIZATION_PREFERS_STRING_CATALOGS = YES;
				MTL_ENABLE_DEBUG_INFO = NO;
				MTL_FAST_MATH = YES;
				SDKROOT = iphoneos;
				SWIFT_COMPILATION_MODE = wholemodule;
				VALIDATE_PRODUCT = YES;
			};
			name = Release;
		};
		FA58FDAA2CC5B7AC00B867A5 /* Debug */ = {
			isa = XCBuildConfiguration;
			buildSettings = {
				ASSETCATALOG_COMPILER_APPICON_NAME = AppIcon;
				ASSETCATALOG_COMPILER_GLOBAL_ACCENT_COLOR_NAME = AccentColor;
				CODE_SIGN_STYLE = Automatic;
				CURRENT_PROJECT_VERSION = 1;
				DEVELOPMENT_ASSET_PATHS = "\"swiftUIContinuedLearning/Preview Content\"";
				ENABLE_PREVIEWS = YES;
				GENERATE_INFOPLIST_FILE = YES;
				INFOPLIST_KEY_UIApplicationSceneManifest_Generation = YES;
				INFOPLIST_KEY_UIApplicationSupportsIndirectInputEvents = YES;
				INFOPLIST_KEY_UILaunchScreen_Generation = YES;
				INFOPLIST_KEY_UISupportedInterfaceOrientations_iPad = "UIInterfaceOrientationPortrait UIInterfaceOrientationPortraitUpsideDown UIInterfaceOrientationLandscapeLeft UIInterfaceOrientationLandscapeRight";
				INFOPLIST_KEY_UISupportedInterfaceOrientations_iPhone = "UIInterfaceOrientationPortrait UIInterfaceOrientationLandscapeLeft UIInterfaceOrientationLandscapeRight";
				LD_RUNPATH_SEARCH_PATHS = (
					"$(inherited)",
					"@executable_path/Frameworks",
				);
				MARKETING_VERSION = 1.0;
				PRODUCT_BUNDLE_IDENTIFIER = com.brahim.swiftUIContinuedLearning;
				PRODUCT_NAME = "$(TARGET_NAME)";
				SWIFT_EMIT_LOC_STRINGS = YES;
				SWIFT_VERSION = 5.0;
				TARGETED_DEVICE_FAMILY = "1,2";
			};
			name = Debug;
		};
		FA58FDAB2CC5B7AC00B867A5 /* Release */ = {
			isa = XCBuildConfiguration;
			buildSettings = {
				ASSETCATALOG_COMPILER_APPICON_NAME = AppIcon;
				ASSETCATALOG_COMPILER_GLOBAL_ACCENT_COLOR_NAME = AccentColor;
				CODE_SIGN_STYLE = Automatic;
				CURRENT_PROJECT_VERSION = 1;
				DEVELOPMENT_ASSET_PATHS = "\"swiftUIContinuedLearning/Preview Content\"";
				ENABLE_PREVIEWS = YES;
				GENERATE_INFOPLIST_FILE = YES;
				INFOPLIST_KEY_UIApplicationSceneManifest_Generation = YES;
				INFOPLIST_KEY_UIApplicationSupportsIndirectInputEvents = YES;
				INFOPLIST_KEY_UILaunchScreen_Generation = YES;
				INFOPLIST_KEY_UISupportedInterfaceOrientations_iPad = "UIInterfaceOrientationPortrait UIInterfaceOrientationPortraitUpsideDown UIInterfaceOrientationLandscapeLeft UIInterfaceOrientationLandscapeRight";
				INFOPLIST_KEY_UISupportedInterfaceOrientations_iPhone = "UIInterfaceOrientationPortrait UIInterfaceOrientationLandscapeLeft UIInterfaceOrientationLandscapeRight";
				LD_RUNPATH_SEARCH_PATHS = (
					"$(inherited)",
					"@executable_path/Frameworks",
				);
				MARKETING_VERSION = 1.0;
				PRODUCT_BUNDLE_IDENTIFIER = com.brahim.swiftUIContinuedLearning;
				PRODUCT_NAME = "$(TARGET_NAME)";
				SWIFT_EMIT_LOC_STRINGS = YES;
				SWIFT_VERSION = 5.0;
				TARGETED_DEVICE_FAMILY = "1,2";
			};
			name = Release;
		};
/* End XCBuildConfiguration section */

/* Begin XCConfigurationList section */
		FA58FD962CC5B7AB00B867A5 /* Build configuration list for PBXProject "swiftUIContinuedLearning" */ = {
			isa = XCConfigurationList;
			buildConfigurations = (
				FA58FDA72CC5B7AC00B867A5 /* Debug */,
				FA58FDA82CC5B7AC00B867A5 /* Release */,
			);
			defaultConfigurationIsVisible = 0;
			defaultConfigurationName = Release;
		};
		FA58FDA92CC5B7AC00B867A5 /* Build configuration list for PBXNativeTarget "swiftUIContinuedLearning" */ = {
			isa = XCConfigurationList;
			buildConfigurations = (
				FA58FDAA2CC5B7AC00B867A5 /* Debug */,
				FA58FDAB2CC5B7AC00B867A5 /* Release */,
			);
			defaultConfigurationIsVisible = 0;
			defaultConfigurationName = Release;
		};
/* End XCConfigurationList section */

/* Begin XCVersionGroup section */
		FA2217802CCC592B004E5984 /* CoreDataContainer.xcdatamodeld */ = {
			isa = XCVersionGroup;
			children = (
				FA2217812CCC592B004E5984 /* CoreDataContainer.xcdatamodel */,
			);
			currentVersion = FA2217812CCC592B004E5984 /* CoreDataContainer.xcdatamodel */;
			name = CoreDataContainer.xcdatamodeld;
			path = /Users/macbook/development/swiftUi/swiftUIContinuedLearning/swiftUIContinuedLearning/CoreDataContainer.xcdatamodeld;
			sourceTree = "<group>";
			versionGroupType = wrapper.xcdatamodel;
		};
		FA6088732CCB06DC00AF4A75 /* FruitsContainer.xcdatamodeld */ = {
			isa = XCVersionGroup;
			children = (
				FA6088742CCB06DC00AF4A75 /* FruitsContainer.xcdatamodel */,
			);
			currentVersion = FA6088742CCB06DC00AF4A75 /* FruitsContainer.xcdatamodel */;
			name = FruitsContainer.xcdatamodeld;
			path = /Users/macbook/development/swiftUi/swiftUIContinuedLearning/swiftUIContinuedLearning/FruitsContainer.xcdatamodeld;
			sourceTree = "<group>";
			versionGroupType = wrapper.xcdatamodel;
		};
/* End XCVersionGroup section */
	};
	rootObject = FA58FD932CC5B7AB00B867A5 /* Project object */;
}
